
Microsoft Visual Studio Solution File, Format Version 12.00
# Visual Studio Version 16
VisualStudioVersion = 16.0.31005.135
MinimumVisualStudioVersion = 10.0.40219.1
Project("{8BC9CEB8-8B4A-11D0-8D11-00A0C91BC942}") = "LeetCodeCpp", "LeetCodeCpp\LeetCodeCpp.vcxproj", "{CDDDB036-678E-4F77-B1B2-E4163646E908}"
EndProject
Project("{FAE04EC0-301F-11D3-BF4B-00C04F79EFBC}") = "LeetCodeCs", "LeetCodeCs\LeetCodeCs.csproj", "{A3C101BF-858A-4514-AA33-840611A6260D}"
EndProject
Global
	GlobalSection(SolutionConfigurationPlatforms) = preSolution
		Debug|Any CPU = Debug|Any CPU
		Debug|x64 = Debug|x64
		Debug|x86 = Debug|x86
		Release|Any CPU = Release|Any CPU
		Release|x64 = Release|x64
		Release|x86 = Release|x86
	EndGlobalSection
	GlobalSection(ProjectConfigurationPlatforms) = postSolution
		{CDDDB036-678E-4F77-B1B2-E4163646E908}.Debug|Any CPU.ActiveCfg = Debug|Win32
		{CDDDB036-678E-4F77-B1B2-E4163646E908}.Debug|Any CPU.Build.0 = Debug|Win32
		{CDDDB036-678E-4F77-B1B2-E4163646E908}.Debug|x64.ActiveCfg = Debug|x64
		{CDDDB036-678E-4F77-B1B2-E4163646E908}.Debug|x64.Build.0 = Debug|x64
		{CDDDB036-678E-4F77-B1B2-E4163646E908}.Debug|x86.ActiveCfg = Debug|Win32
		{CDDDB036-678E-4F77-B1B2-E4163646E908}.Debug|x86.Build.0 = Debug|Win32
		{CDDDB036-678E-4F77-B1B2-E4163646E908}.Release|Any CPU.ActiveCfg = Release|Win32
		{CDDDB036-678E-4F77-B1B2-E4163646E908}.Release|x64.ActiveCfg = Release|x64
		{CDDDB036-678E-4F77-B1B2-E4163646E908}.Release|x64.Build.0 = Release|x64
		{CDDDB036-678E-4F77-B1B2-E4163646E908}.Release|x86.ActiveCfg = Release|Win32
		{CDDDB036-678E-4F77-B1B2-E4163646E908}.Release|x86.Build.0 = Release|Win32
		{A3C101BF-858A-4514-AA33-840611A6260D}.Debug|Any CPU.ActiveCfg = Debug|Any CPU
		{A3C101BF-858A-4514-AA33-840611A6260D}.Debug|Any CPU.Build.0 = Debug|Any CPU
		{A3C101BF-858A-4514-AA33-840611A6260D}.Debug|x64.ActiveCfg = Debug|Any CPU
		{A3C101BF-858A-4514-AA33-840611A6260D}.Debug|x64.Build.0 = Debug|Any CPU
		{A3C101BF-858A-4514-AA33-840611A6260D}.Debug|x86.ActiveCfg = Debug|Any CPU
		{A3C101BF-858A-4514-AA33-840611A6260D}.Debug|x86.Build.0 = Debug|Any CPU
		{A3C101BF-858A-4514-AA33-840611A6260D}.Release|Any CPU.ActiveCfg = Release|Any CPU
		{A3C101BF-858A-4514-AA33-840611A6260D}.Release|Any CPU.Build.0 = Release|Any CPU
		{A3C101BF-858A-4514-AA33-840611A6260D}.Release|x64.ActiveCfg = Release|Any CPU
		{A3C101BF-858A-4514-AA33-840611A6260D}.Release|x64.Build.0 = Release|Any CPU
		{A3C101BF-858A-4514-AA33-840611A6260D}.Release|x86.ActiveCfg = Release|Any CPU
		{A3C101BF-858A-4514-AA33-840611A6260D}.Release|x86.Build.0 = Release|Any CPU
	EndGlobalSection
	GlobalSection(SolutionProperties) = preSolution
		HideSolutionNode = FALSE
	EndGlobalSection
	GlobalSection(ExtensibilityGlobals) = postSolution
		SolutionGuid = {12CC2BFC-6A6B-46CC-99FA-8C9AB75E3700}
	EndGlobalSection
EndGlobal
